
Microsoft Visual Studio Solution File, Format Version 12.00
# Visual Studio Version 17
VisualStudioVersion = 17.3.32901.215
MinimumVisualStudioVersion = 10.0.40219.1
Project("{9A19103F-16F7-4668-BE54-9A1E7A4F7556}") = "WebApp_MVC_Project", "WebApp_MVC_Project.csproj", "{E04A22CB-BA66-4601-A146-EFB2BC6FB13C}"
EndProject
Global
	GlobalSection(SolutionConfigurationPlatforms) = preSolution
		Debug|Any CPU = Debug|Any CPU
		Release|Any CPU = Release|Any CPU
	EndGlobalSection
	GlobalSection(ProjectConfigurationPlatforms) = postSolution
		{E04A22CB-BA66-4601-A146-EFB2BC6FB13C}.Debug|Any CPU.ActiveCfg = Debug|Any CPU
		{E04A22CB-BA66-4601-A146-EFB2BC6FB13C}.Debug|Any CPU.Build.0 = Debug|Any CPU
		{E04A22CB-BA66-4601-A146-EFB2BC6FB13C}.Release|Any CPU.ActiveCfg = Release|Any CPU
		{E04A22CB-BA66-4601-A146-EFB2BC6FB13C}.Release|Any CPU.Build.0 = Release|Any CPU
	EndGlobalSection
	GlobalSection(SolutionProperties) = preSolution
		HideSolutionNode = FALSE
	EndGlobalSection
	GlobalSection(ExtensibilityGlobals) = postSolution
		SolutionGuid = {7EA42083-E221-4B2C-B186-67FCF7BE01DB}
	EndGlobalSection
EndGlobal
